
Microsoft Visual Studio Solution File, Format Version 12.00
# Visual Studio Version 16
VisualStudioVersion = 16.0.30804.86
MinimumVisualStudioVersion = 10.0.40219.1
Project("{D2ABAB84-BF74-430A-B69E-9DC6D40DDA17}") = "CUBO1", "CUBO1\CUBO1.dwproj", "{3F41583E-B903-4E8B-9A5A-E2BB499B5233}"
EndProject
Global
	GlobalSection(SolutionConfigurationPlatforms) = preSolution
		Development|Default = Development|Default
	EndGlobalSection
	GlobalSection(ProjectConfigurationPlatforms) = postSolution
		{3F41583E-B903-4E8B-9A5A-E2BB499B5233}.Development|Default.ActiveCfg = Development
		{3F41583E-B903-4E8B-9A5A-E2BB499B5233}.Development|Default.Build.0 = Development
		{3F41583E-B903-4E8B-9A5A-E2BB499B5233}.Development|Default.Deploy.0 = Development
	EndGlobalSection
	GlobalSection(SolutionProperties) = preSolution
		HideSolutionNode = FALSE
	EndGlobalSection
	GlobalSection(ExtensibilityGlobals) = postSolution
		SolutionGuid = {A094390A-7619-407D-B625-B3ED40328A4C}
	EndGlobalSection
EndGlobal
